// !$*UTF8*$!
{
	archiveVersion = 1;
	classes = {
	};
	objectVersion = 55;
	objects = {

/* Begin PBXBuildFile section */
		9801727A28C2057300265FA6 /* UIPanGestureRecognizer+Extension.swift in Sources */ = {isa = PBXBuildFile; fileRef = 9801727728C2057300265FA6 /* UIPanGestureRecognizer+Extension.swift */; };
		9801727B28C2057300265FA6 /* CGFloat+Extension.swift in Sources */ = {isa = PBXBuildFile; fileRef = 9801727828C2057300265FA6 /* CGFloat+Extension.swift */; };
		9801727C28C2057300265FA6 /* CGPoint+Extension.swift in Sources */ = {isa = PBXBuildFile; fileRef = 9801727928C2057300265FA6 /* CGPoint+Extension.swift */; };
		9869E109287EAEEB00052E48 /* AppDelegate.swift in Sources */ = {isa = PBXBuildFile; fileRef = 9869E108287EAEEB00052E48 /* AppDelegate.swift */; };
		9869E10B287EAEEB00052E48 /* SceneDelegate.swift in Sources */ = {isa = PBXBuildFile; fileRef = 9869E10A287EAEEB00052E48 /* SceneDelegate.swift */; };
		9869E10D287EAEEB00052E48 /* RootViewController.swift in Sources */ = {isa = PBXBuildFile; fileRef = 9869E10C287EAEEB00052E48 /* RootViewController.swift */; };
		9869E110287EAEEB00052E48 /* Main.storyboard in Resources */ = {isa = PBXBuildFile; fileRef = 9869E10E287EAEEB00052E48 /* Main.storyboard */; };
		9869E112287EAEED00052E48 /* Assets.xcassets in Resources */ = {isa = PBXBuildFile; fileRef = 9869E111287EAEED00052E48 /* Assets.xcassets */; };
		9869E115287EAEED00052E48 /* LaunchScreen.storyboard in Resources */ = {isa = PBXBuildFile; fileRef = 9869E113287EAEED00052E48 /* LaunchScreen.storyboard */; };
		9869E11D287EB66500052E48 /* BSTransitioningDelegate.swift in Sources */ = {isa = PBXBuildFile; fileRef = 9869E11C287EB66500052E48 /* BSTransitioningDelegate.swift */; };
		98851921288C660C00AA7617 /* BSPresentationController.swift in Sources */ = {isa = PBXBuildFile; fileRef = 98851920288C660C00AA7617 /* BSPresentationController.swift */; };
		98851923288C66E500AA7617 /* TextViewController.swift in Sources */ = {isa = PBXBuildFile; fileRef = 98851922288C66E500AA7617 /* TextViewController.swift */; };
		98851925288DCA4700AA7617 /* CoverVerticalDismissAnimatedTransitioning.swift in Sources */ = {isa = PBXBuildFile; fileRef = 98851924288DCA4600AA7617 /* CoverVerticalDismissAnimatedTransitioning.swift */; };
		98851927288DCA5D00AA7617 /* CoverVerticalPresentAnimatedTransitioning.swift in Sources */ = {isa = PBXBuildFile; fileRef = 98851926288DCA5D00AA7617 /* CoverVerticalPresentAnimatedTransitioning.swift */; };
		98E63BCB291D9CF9003D85E9 /* FirstViewController.swift in Sources */ = {isa = PBXBuildFile; fileRef = 98E63BC9291D9CF9003D85E9 /* FirstViewController.swift */; };
		98E63BCC291D9CF9003D85E9 /* SecondViewController.swift in Sources */ = {isa = PBXBuildFile; fileRef = 98E63BCA291D9CF9003D85E9 /* SecondViewController.swift */; };
		98E63BD0291D9D09003D85E9 /* BSNavigationController.swift in Sources */ = {isa = PBXBuildFile; fileRef = 98E63BCE291D9D09003D85E9 /* BSNavigationController.swift */; };
		98E63BD1291D9D09003D85E9 /* BSNavigationView.swift in Sources */ = {isa = PBXBuildFile; fileRef = 98E63BCF291D9D09003D85E9 /* BSNavigationView.swift */; };
		98E6C65428EF3D0C007F9ABE /* RootView.swift in Sources */ = {isa = PBXBuildFile; fileRef = 98E6C65328EF3D0C007F9ABE /* RootView.swift */; };
		98E6C65628F3653A007F9ABE /* UIColor+Hex.swift in Sources */ = {isa = PBXBuildFile; fileRef = 98E6C65528F3653A007F9ABE /* UIColor+Hex.swift */; };
		98E6C65A28F4B9A2007F9ABE /* UIColor+Tokens.swift in Sources */ = {isa = PBXBuildFile; fileRef = 98E6C65928F4B9A2007F9ABE /* UIColor+Tokens.swift */; };
		98E6C65C28F4BB67007F9ABE /* UIFont+Token.swift in Sources */ = {isa = PBXBuildFile; fileRef = 98E6C65B28F4BB67007F9ABE /* UIFont+Token.swift */; };
		98E6C65E28F4CA94007F9ABE /* UIImage+Extension.swift in Sources */ = {isa = PBXBuildFile; fileRef = 98E6C65D28F4CA94007F9ABE /* UIImage+Extension.swift */; };
		98F0824A2931397C0084D461 /* ListViewController.swift in Sources */ = {isa = PBXBuildFile; fileRef = 98F082462931397C0084D461 /* ListViewController.swift */; };
		98F0824B2931397C0084D461 /* ListDataProvider.swift in Sources */ = {isa = PBXBuildFile; fileRef = 98F082472931397C0084D461 /* ListDataProvider.swift */; };
		98F0824C2931397C0084D461 /* ListView.swift in Sources */ = {isa = PBXBuildFile; fileRef = 98F082482931397C0084D461 /* ListView.swift */; };
		98F0824D2931397C0084D461 /* ListCell.swift in Sources */ = {isa = PBXBuildFile; fileRef = 98F082492931397C0084D461 /* ListCell.swift */; };
		98F0824F293139C30084D461 /* BSTransitionDriver.swift in Sources */ = {isa = PBXBuildFile; fileRef = 98F0824E293139C30084D461 /* BSTransitionDriver.swift */; };
		98F0825229313A950084D461 /* CompactCollectionView.swift in Sources */ = {isa = PBXBuildFile; fileRef = 98F0825129313A950084D461 /* CompactCollectionView.swift */; };
/* End PBXBuildFile section */

/* Begin PBXFileReference section */
		9801727728C2057300265FA6 /* UIPanGestureRecognizer+Extension.swift */ = {isa = PBXFileReference; fileEncoding = 4; lastKnownFileType = sourcecode.swift; path = "UIPanGestureRecognizer+Extension.swift"; sourceTree = "<group>"; };
		9801727828C2057300265FA6 /* CGFloat+Extension.swift */ = {isa = PBXFileReference; fileEncoding = 4; lastKnownFileType = sourcecode.swift; path = "CGFloat+Extension.swift"; sourceTree = "<group>"; };
		9801727928C2057300265FA6 /* CGPoint+Extension.swift */ = {isa = PBXFileReference; fileEncoding = 4; lastKnownFileType = sourcecode.swift; path = "CGPoint+Extension.swift"; sourceTree = "<group>"; };
		9869E105287EAEEB00052E48 /* BottomSheet.app */ = {isa = PBXFileReference; explicitFileType = wrapper.application; includeInIndex = 0; path = BottomSheet.app; sourceTree = BUILT_PRODUCTS_DIR; };
		9869E108287EAEEB00052E48 /* AppDelegate.swift */ = {isa = PBXFileReference; lastKnownFileType = sourcecode.swift; path = AppDelegate.swift; sourceTree = "<group>"; };
		9869E10A287EAEEB00052E48 /* SceneDelegate.swift */ = {isa = PBXFileReference; lastKnownFileType = sourcecode.swift; path = SceneDelegate.swift; sourceTree = "<group>"; };
		9869E10C287EAEEB00052E48 /* RootViewController.swift */ = {isa = PBXFileReference; lastKnownFileType = sourcecode.swift; path = RootViewController.swift; sourceTree = "<group>"; };
		9869E10F287EAEEB00052E48 /* Base */ = {isa = PBXFileReference; lastKnownFileType = file.storyboard; name = Base; path = Base.lproj/Main.storyboard; sourceTree = "<group>"; };
		9869E111287EAEED00052E48 /* Assets.xcassets */ = {isa = PBXFileReference; lastKnownFileType = folder.assetcatalog; path = Assets.xcassets; sourceTree = "<group>"; };
		9869E114287EAEED00052E48 /* Base */ = {isa = PBXFileReference; lastKnownFileType = file.storyboard; name = Base; path = Base.lproj/LaunchScreen.storyboard; sourceTree = "<group>"; };
		9869E116287EAEED00052E48 /* Info.plist */ = {isa = PBXFileReference; lastKnownFileType = text.plist.xml; path = Info.plist; sourceTree = "<group>"; };
		9869E11C287EB66500052E48 /* BSTransitioningDelegate.swift */ = {isa = PBXFileReference; lastKnownFileType = sourcecode.swift; path = BSTransitioningDelegate.swift; sourceTree = "<group>"; };
		98851920288C660C00AA7617 /* BSPresentationController.swift */ = {isa = PBXFileReference; lastKnownFileType = sourcecode.swift; path = BSPresentationController.swift; sourceTree = "<group>"; };
		98851922288C66E500AA7617 /* TextViewController.swift */ = {isa = PBXFileReference; lastKnownFileType = sourcecode.swift; path = TextViewController.swift; sourceTree = "<group>"; };
		98851924288DCA4600AA7617 /* CoverVerticalDismissAnimatedTransitioning.swift */ = {isa = PBXFileReference; lastKnownFileType = sourcecode.swift; path = CoverVerticalDismissAnimatedTransitioning.swift; sourceTree = "<group>"; };
		98851926288DCA5D00AA7617 /* CoverVerticalPresentAnimatedTransitioning.swift */ = {isa = PBXFileReference; lastKnownFileType = sourcecode.swift; path = CoverVerticalPresentAnimatedTransitioning.swift; sourceTree = "<group>"; };
		98E63BC9291D9CF9003D85E9 /* FirstViewController.swift */ = {isa = PBXFileReference; fileEncoding = 4; lastKnownFileType = sourcecode.swift; path = FirstViewController.swift; sourceTree = "<group>"; };
		98E63BCA291D9CF9003D85E9 /* SecondViewController.swift */ = {isa = PBXFileReference; fileEncoding = 4; lastKnownFileType = sourcecode.swift; path = SecondViewController.swift; sourceTree = "<group>"; };
		98E63BCE291D9D09003D85E9 /* BSNavigationController.swift */ = {isa = PBXFileReference; fileEncoding = 4; lastKnownFileType = sourcecode.swift; path = BSNavigationController.swift; sourceTree = "<group>"; };
		98E63BCF291D9D09003D85E9 /* BSNavigationView.swift */ = {isa = PBXFileReference; fileEncoding = 4; lastKnownFileType = sourcecode.swift; path = BSNavigationView.swift; sourceTree = "<group>"; };
		98E6C65328EF3D0C007F9ABE /* RootView.swift */ = {isa = PBXFileReference; lastKnownFileType = sourcecode.swift; path = RootView.swift; sourceTree = "<group>"; };
		98E6C65528F3653A007F9ABE /* UIColor+Hex.swift */ = {isa = PBXFileReference; lastKnownFileType = sourcecode.swift; path = "UIColor+Hex.swift"; sourceTree = "<group>"; };
		98E6C65928F4B9A2007F9ABE /* UIColor+Tokens.swift */ = {isa = PBXFileReference; lastKnownFileType = sourcecode.swift; path = "UIColor+Tokens.swift"; sourceTree = "<group>"; };
		98E6C65B28F4BB67007F9ABE /* UIFont+Token.swift */ = {isa = PBXFileReference; lastKnownFileType = sourcecode.swift; path = "UIFont+Token.swift"; sourceTree = "<group>"; };
		98E6C65D28F4CA94007F9ABE /* UIImage+Extension.swift */ = {isa = PBXFileReference; lastKnownFileType = sourcecode.swift; path = "UIImage+Extension.swift"; sourceTree = "<group>"; };
		98F082462931397C0084D461 /* ListViewController.swift */ = {isa = PBXFileReference; fileEncoding = 4; lastKnownFileType = sourcecode.swift; path = ListViewController.swift; sourceTree = "<group>"; };
		98F082472931397C0084D461 /* ListDataProvider.swift */ = {isa = PBXFileReference; fileEncoding = 4; lastKnownFileType = sourcecode.swift; path = ListDataProvider.swift; sourceTree = "<group>"; };
		98F082482931397C0084D461 /* ListView.swift */ = {isa = PBXFileReference; fileEncoding = 4; lastKnownFileType = sourcecode.swift; path = ListView.swift; sourceTree = "<group>"; };
		98F082492931397C0084D461 /* ListCell.swift */ = {isa = PBXFileReference; fileEncoding = 4; lastKnownFileType = sourcecode.swift; path = ListCell.swift; sourceTree = "<group>"; };
		98F0824E293139C30084D461 /* BSTransitionDriver.swift */ = {isa = PBXFileReference; fileEncoding = 4; lastKnownFileType = sourcecode.swift; path = BSTransitionDriver.swift; sourceTree = "<group>"; };
		98F0825129313A950084D461 /* CompactCollectionView.swift */ = {isa = PBXFileReference; fileEncoding = 4; lastKnownFileType = sourcecode.swift; path = CompactCollectionView.swift; sourceTree = "<group>"; };
/* End PBXFileReference section */

/* Begin PBXFrameworksBuildPhase section */
		9869E102287EAEEB00052E48 /* Frameworks */ = {
			isa = PBXFrameworksBuildPhase;
			buildActionMask = 2147483647;
			files = (
			);
			runOnlyForDeploymentPostprocessing = 0;
		};
/* End PBXFrameworksBuildPhase section */

/* Begin PBXGroup section */
		9801727628C2054A00265FA6 /* Extensions */ = {
			isa = PBXGroup;
			children = (
				9801727828C2057300265FA6 /* CGFloat+Extension.swift */,
				9801727928C2057300265FA6 /* CGPoint+Extension.swift */,
				9801727728C2057300265FA6 /* UIPanGestureRecognizer+Extension.swift */,
				98E6C65528F3653A007F9ABE /* UIColor+Hex.swift */,
				98E6C65928F4B9A2007F9ABE /* UIColor+Tokens.swift */,
				98E6C65B28F4BB67007F9ABE /* UIFont+Token.swift */,
				98E6C65D28F4CA94007F9ABE /* UIImage+Extension.swift */,
			);
			path = Extensions;
			sourceTree = "<group>";
		};
		9801728028C2103800265FA6 /* Transition */ = {
			isa = PBXGroup;
			children = (
				98851920288C660C00AA7617 /* BSPresentationController.swift */,
				98F0824E293139C30084D461 /* BSTransitionDriver.swift */,
				9869E11C287EB66500052E48 /* BSTransitioningDelegate.swift */,
				98851924288DCA4600AA7617 /* CoverVerticalDismissAnimatedTransitioning.swift */,
				98851926288DCA5D00AA7617 /* CoverVerticalPresentAnimatedTransitioning.swift */,
			);
			path = Transition;
			sourceTree = "<group>";
		};
		9801728128C2197900265FA6 /* Content */ = {
			isa = PBXGroup;
			children = (
				98F082452931397C0084D461 /* List */,
				98E63BC8291D9CF9003D85E9 /* NavigationControllers */,
				98851922288C66E500AA7617 /* TextViewController.swift */,
			);
			path = Content;
			sourceTree = "<group>";
		};
		9869E0FC287EAEEB00052E48 = {
			isa = PBXGroup;
			children = (
				9869E107287EAEEB00052E48 /* BottomSheet */,
				9869E106287EAEEB00052E48 /* Products */,
			);
			sourceTree = "<group>";
		};
		9869E106287EAEEB00052E48 /* Products */ = {
			isa = PBXGroup;
			children = (
				9869E105287EAEEB00052E48 /* BottomSheet.app */,
			);
			name = Products;
			sourceTree = "<group>";
		};
		9869E107287EAEEB00052E48 /* BottomSheet */ = {
			isa = PBXGroup;
			children = (
				9801728028C2103800265FA6 /* Transition */,
				98E63BCD291D9D09003D85E9 /* Navigation */,
				9801728128C2197900265FA6 /* Content */,
				98F0825029313A950084D461 /* CompactCollectionView */,
				9801727628C2054A00265FA6 /* Extensions */,
				9869E108287EAEEB00052E48 /* AppDelegate.swift */,
				98E6C65328EF3D0C007F9ABE /* RootView.swift */,
				9869E10C287EAEEB00052E48 /* RootViewController.swift */,
				9869E10A287EAEEB00052E48 /* SceneDelegate.swift */,
				9869E111287EAEED00052E48 /* Assets.xcassets */,
				9869E113287EAEED00052E48 /* LaunchScreen.storyboard */,
				9869E10E287EAEEB00052E48 /* Main.storyboard */,
				9869E116287EAEED00052E48 /* Info.plist */,
			);
			path = BottomSheet;
			sourceTree = "<group>";
		};
		98E63BC8291D9CF9003D85E9 /* NavigationControllers */ = {
			isa = PBXGroup;
			children = (
				98E63BC9291D9CF9003D85E9 /* FirstViewController.swift */,
				98E63BCA291D9CF9003D85E9 /* SecondViewController.swift */,
			);
			path = NavigationControllers;
			sourceTree = "<group>";
		};
		98E63BCD291D9D09003D85E9 /* Navigation */ = {
			isa = PBXGroup;
			children = (
				98E63BCE291D9D09003D85E9 /* BSNavigationController.swift */,
				98E63BCF291D9D09003D85E9 /* BSNavigationView.swift */,
			);
			path = Navigation;
			sourceTree = "<group>";
		};
		98F082452931397C0084D461 /* List */ = {
			isa = PBXGroup;
			children = (
				98F082462931397C0084D461 /* ListViewController.swift */,
				98F082472931397C0084D461 /* ListDataProvider.swift */,
				98F082482931397C0084D461 /* ListView.swift */,
				98F082492931397C0084D461 /* ListCell.swift */,
			);
			path = List;
			sourceTree = "<group>";
		};
		98F0825029313A950084D461 /* CompactCollectionView */ = {
			isa = PBXGroup;
			children = (
				98F0825129313A950084D461 /* CompactCollectionView.swift */,
			);
			path = CompactCollectionView;
			sourceTree = "<group>";
		};
/* End PBXGroup section */

/* Begin PBXNativeTarget section */
		9869E104287EAEEB00052E48 /* BottomSheet */ = {
			isa = PBXNativeTarget;
			buildConfigurationList = 9869E119287EAEED00052E48 /* Build configuration list for PBXNativeTarget "BottomSheet" */;
			buildPhases = (
				9869E101287EAEEB00052E48 /* Sources */,
				9869E102287EAEEB00052E48 /* Frameworks */,
				9869E103287EAEEB00052E48 /* Resources */,
			);
			buildRules = (
			);
			dependencies = (
			);
			name = BottomSheet;
			productName = BottomSheet;
			productReference = 9869E105287EAEEB00052E48 /* BottomSheet.app */;
			productType = "com.apple.product-type.application";
		};
/* End PBXNativeTarget section */

/* Begin PBXProject section */
		9869E0FD287EAEEB00052E48 /* Project object */ = {
			isa = PBXProject;
			attributes = {
				BuildIndependentTargetsInParallel = 1;
				LastSwiftUpdateCheck = 1340;
				LastUpgradeCheck = 1340;
				TargetAttributes = {
					9869E104287EAEEB00052E48 = {
						CreatedOnToolsVersion = 13.4.1;
					};
				};
			};
			buildConfigurationList = 9869E100287EAEEB00052E48 /* Build configuration list for PBXProject "BottomSheet" */;
			compatibilityVersion = "Xcode 13.0";
			developmentRegion = en;
			hasScannedForEncodings = 0;
			knownRegions = (
				en,
				Base,
			);
			mainGroup = 9869E0FC287EAEEB00052E48;
			productRefGroup = 9869E106287EAEEB00052E48 /* Products */;
			projectDirPath = "";
			projectRoot = "";
			targets = (
				9869E104287EAEEB00052E48 /* BottomSheet */,
			);
		};
/* End PBXProject section */

/* Begin PBXResourcesBuildPhase section */
		9869E103287EAEEB00052E48 /* Resources */ = {
			isa = PBXResourcesBuildPhase;
			buildActionMask = 2147483647;
			files = (
				9869E115287EAEED00052E48 /* LaunchScreen.storyboard in Resources */,
				9869E112287EAEED00052E48 /* Assets.xcassets in Resources */,
				9869E110287EAEEB00052E48 /* Main.storyboard in Resources */,
			);
			runOnlyForDeploymentPostprocessing = 0;
		};
/* End PBXResourcesBuildPhase section */

/* Begin PBXSourcesBuildPhase section */
		9869E101287EAEEB00052E48 /* Sources */ = {
			isa = PBXSourcesBuildPhase;
			buildActionMask = 2147483647;
			files = (
				98E63BD0291D9D09003D85E9 /* BSNavigationController.swift in Sources */,
				98851921288C660C00AA7617 /* BSPresentationController.swift in Sources */,
				98F0825229313A950084D461 /* CompactCollectionView.swift in Sources */,
				98E6C65A28F4B9A2007F9ABE /* UIColor+Tokens.swift in Sources */,
				9869E11D287EB66500052E48 /* BSTransitioningDelegate.swift in Sources */,
				9801727C28C2057300265FA6 /* CGPoint+Extension.swift in Sources */,
				98E6C65628F3653A007F9ABE /* UIColor+Hex.swift in Sources */,
				98851925288DCA4700AA7617 /* CoverVerticalDismissAnimatedTransitioning.swift in Sources */,
				98F0824C2931397C0084D461 /* ListView.swift in Sources */,
				98851923288C66E500AA7617 /* TextViewController.swift in Sources */,
				9869E10D287EAEEB00052E48 /* RootViewController.swift in Sources */,
				9801727B28C2057300265FA6 /* CGFloat+Extension.swift in Sources */,
				98E63BCB291D9CF9003D85E9 /* FirstViewController.swift in Sources */,
				98E6C65428EF3D0C007F9ABE /* RootView.swift in Sources */,
				98E6C65C28F4BB67007F9ABE /* UIFont+Token.swift in Sources */,
				98E63BD1291D9D09003D85E9 /* BSNavigationView.swift in Sources */,
				98F0824B2931397C0084D461 /* ListDataProvider.swift in Sources */,
				98E63BCC291D9CF9003D85E9 /* SecondViewController.swift in Sources */,
				98851927288DCA5D00AA7617 /* CoverVerticalPresentAnimatedTransitioning.swift in Sources */,
				98F0824F293139C30084D461 /* BSTransitionDriver.swift in Sources */,
				98E6C65E28F4CA94007F9ABE /* UIImage+Extension.swift in Sources */,
				9801727A28C2057300265FA6 /* UIPanGestureRecognizer+Extension.swift in Sources */,
				9869E109287EAEEB00052E48 /* AppDelegate.swift in Sources */,
				98F0824D2931397C0084D461 /* ListCell.swift in Sources */,
				9869E10B287EAEEB00052E48 /* SceneDelegate.swift in Sources */,
				98F0824A2931397C0084D461 /* ListViewController.swift in Sources */,
			);
			runOnlyForDeploymentPostprocessing = 0;
		};
/* End PBXSourcesBuildPhase section */

/* Begin PBXVariantGroup section */
		9869E10E287EAEEB00052E48 /* Main.storyboard */ = {
			isa = PBXVariantGroup;
			children = (
				9869E10F287EAEEB00052E48 /* Base */,
			);
			name = Main.storyboard;
			sourceTree = "<group>";
		};
		9869E113287EAEED00052E48 /* LaunchScreen.storyboard */ = {
			isa = PBXVariantGroup;
			children = (
				9869E114287EAEED00052E48 /* Base */,
			);
			name = LaunchScreen.storyboard;
			sourceTree = "<group>";
		};
/* End PBXVariantGroup section */

/* Begin XCBuildConfiguration section */
		9869E117287EAEED00052E48 /* Debug */ = {
			isa = XCBuildConfiguration;
			buildSettings = {
				ALWAYS_SEARCH_USER_PATHS = NO;
				CLANG_ANALYZER_NONNULL = YES;
				CLANG_ANALYZER_NUMBER_OBJECT_CONVERSION = YES_AGGRESSIVE;
				CLANG_CXX_LANGUAGE_STANDARD = "gnu++17";
				CLANG_ENABLE_MODULES = YES;
				CLANG_ENABLE_OBJC_ARC = YES;
				CLANG_ENABLE_OBJC_WEAK = YES;
				CLANG_WARN_BLOCK_CAPTURE_AUTORELEASING = YES;
				CLANG_WARN_BOOL_CONVERSION = YES;
				CLANG_WARN_COMMA = YES;
				CLANG_WARN_CONSTANT_CONVERSION = YES;
				CLANG_WARN_DEPRECATED_OBJC_IMPLEMENTATIONS = YES;
				CLANG_WARN_DIRECT_OBJC_ISA_USAGE = YES_ERROR;
				CLANG_WARN_DOCUMENTATION_COMMENTS = YES;
				CLANG_WARN_EMPTY_BODY = YES;
				CLANG_WARN_ENUM_CONVERSION = YES;
				CLANG_WARN_INFINITE_RECURSION = YES;
				CLANG_WARN_INT_CONVERSION = YES;
				CLANG_WARN_NON_LITERAL_NULL_CONVERSION = YES;
				CLANG_WARN_OBJC_IMPLICIT_RETAIN_SELF = YES;
				CLANG_WARN_OBJC_LITERAL_CONVERSION = YES;
				CLANG_WARN_OBJC_ROOT_CLASS = YES_ERROR;
				CLANG_WARN_QUOTED_INCLUDE_IN_FRAMEWORK_HEADER = YES;
				CLANG_WARN_RANGE_LOOP_ANALYSIS = YES;
				CLANG_WARN_STRICT_PROTOTYPES = YES;
				CLANG_WARN_SUSPICIOUS_MOVE = YES;
				CLANG_WARN_UNGUARDED_AVAILABILITY = YES_AGGRESSIVE;
				CLANG_WARN_UNREACHABLE_CODE = YES;
				CLANG_WARN__DUPLICATE_METHOD_MATCH = YES;
				COPY_PHASE_STRIP = NO;
				DEBUG_INFORMATION_FORMAT = dwarf;
				ENABLE_STRICT_OBJC_MSGSEND = YES;
				ENABLE_TESTABILITY = YES;
				GCC_C_LANGUAGE_STANDARD = gnu11;
				GCC_DYNAMIC_NO_PIC = NO;
				GCC_NO_COMMON_BLOCKS = YES;
				GCC_OPTIMIZATION_LEVEL = 0;
				GCC_PREPROCESSOR_DEFINITIONS = (
					"DEBUG=1",
					"$(inherited)",
				);
				GCC_WARN_64_TO_32_BIT_CONVERSION = YES;
				GCC_WARN_ABOUT_RETURN_TYPE = YES_ERROR;
				GCC_WARN_UNDECLARED_SELECTOR = YES;
				GCC_WARN_UNINITIALIZED_AUTOS = YES_AGGRESSIVE;
				GCC_WARN_UNUSED_FUNCTION = YES;
				GCC_WARN_UNUSED_VARIABLE = YES;
				IPHONEOS_DEPLOYMENT_TARGET = 15.5;
				MTL_ENABLE_DEBUG_INFO = INCLUDE_SOURCE;
				MTL_FAST_MATH = YES;
				ONLY_ACTIVE_ARCH = YES;
				SDKROOT = iphoneos;
				SWIFT_ACTIVE_COMPILATION_CONDITIONS = DEBUG;
				SWIFT_OPTIMIZATION_LEVEL = "-Onone";
			};
			name = Debug;
		};
		9869E118287EAEED00052E48 /* Release */ = {
			isa = XCBuildConfiguration;
			buildSettings = {
				ALWAYS_SEARCH_USER_PATHS = NO;
				CLANG_ANALYZER_NONNULL = YES;
				CLANG_ANALYZER_NUMBER_OBJECT_CONVERSION = YES_AGGRESSIVE;
				CLANG_CXX_LANGUAGE_STANDARD = "gnu++17";
				CLANG_ENABLE_MODULES = YES;
				CLANG_ENABLE_OBJC_ARC = YES;
				CLANG_ENABLE_OBJC_WEAK = YES;
				CLANG_WARN_BLOCK_CAPTURE_AUTORELEASING = YES;
				CLANG_WARN_BOOL_CONVERSION = YES;
				CLANG_WARN_COMMA = YES;
				CLANG_WARN_CONSTANT_CONVERSION = YES;
				CLANG_WARN_DEPRECATED_OBJC_IMPLEMENTATIONS = YES;
				CLANG_WARN_DIRECT_OBJC_ISA_USAGE = YES_ERROR;
				CLANG_WARN_DOCUMENTATION_COMMENTS = YES;
				CLANG_WARN_EMPTY_BODY = YES;
				CLANG_WARN_ENUM_CONVERSION = YES;
				CLANG_WARN_INFINITE_RECURSION = YES;
				CLANG_WARN_INT_CONVERSION = YES;
				CLANG_WARN_NON_LITERAL_NULL_CONVERSION = YES;
				CLANG_WARN_OBJC_IMPLICIT_RETAIN_SELF = YES;
				CLANG_WARN_OBJC_LITERAL_CONVERSION = YES;
				CLANG_WARN_OBJC_ROOT_CLASS = YES_ERROR;
				CLANG_WARN_QUOTED_INCLUDE_IN_FRAMEWORK_HEADER = YES;
				CLANG_WARN_RANGE_LOOP_ANALYSIS = YES;
				CLANG_WARN_STRICT_PROTOTYPES = YES;
				CLANG_WARN_SUSPICIOUS_MOVE = YES;
				CLANG_WARN_UNGUARDED_AVAILABILITY = YES_AGGRESSIVE;
				CLANG_WARN_UNREACHABLE_CODE = YES;
				CLANG_WARN__DUPLICATE_METHOD_MATCH = YES;
				COPY_PHASE_STRIP = NO;
				DEBUG_INFORMATION_FORMAT = "dwarf-with-dsym";
				ENABLE_NS_ASSERTIONS = NO;
				ENABLE_STRICT_OBJC_MSGSEND = YES;
				GCC_C_LANGUAGE_STANDARD = gnu11;
				GCC_NO_COMMON_BLOCKS = YES;
				GCC_WARN_64_TO_32_BIT_CONVERSION = YES;
				GCC_WARN_ABOUT_RETURN_TYPE = YES_ERROR;
				GCC_WARN_UNDECLARED_SELECTOR = YES;
				GCC_WARN_UNINITIALIZED_AUTOS = YES_AGGRESSIVE;
				GCC_WARN_UNUSED_FUNCTION = YES;
				GCC_WARN_UNUSED_VARIABLE = YES;
				IPHONEOS_DEPLOYMENT_TARGET = 15.5;
				MTL_ENABLE_DEBUG_INFO = NO;
				MTL_FAST_MATH = YES;
				SDKROOT = iphoneos;
				SWIFT_COMPILATION_MODE = wholemodule;
				SWIFT_OPTIMIZATION_LEVEL = "-O";
				VALIDATE_PRODUCT = YES;
			};
			name = Release;
		};
		9869E11A287EAEED00052E48 /* Debug */ = {
			isa = XCBuildConfiguration;
			buildSettings = {
				ASSETCATALOG_COMPILER_APPICON_NAME = AppIcon;
				ASSETCATALOG_COMPILER_GLOBAL_ACCENT_COLOR_NAME = AccentColor;
				CODE_SIGN_STYLE = Automatic;
				CURRENT_PROJECT_VERSION = 1;
				DEVELOPMENT_TEAM = Z634D5L4B3;
				GENERATE_INFOPLIST_FILE = YES;
				INFOPLIST_FILE = BottomSheet/Info.plist;
				INFOPLIST_KEY_UIApplicationSupportsIndirectInputEvents = YES;
				INFOPLIST_KEY_UILaunchStoryboardName = LaunchScreen;
				INFOPLIST_KEY_UIMainStoryboardFile = Main;
				INFOPLIST_KEY_UISupportedInterfaceOrientations_iPad = "UIInterfaceOrientationPortrait UIInterfaceOrientationPortraitUpsideDown UIInterfaceOrientationLandscapeLeft UIInterfaceOrientationLandscapeRight";
				INFOPLIST_KEY_UISupportedInterfaceOrientations_iPhone = "UIInterfaceOrientationPortrait UIInterfaceOrientationLandscapeLeft UIInterfaceOrientationLandscapeRight";
				IPHONEOS_DEPLOYMENT_TARGET = 11.0;
				LD_RUNPATH_SEARCH_PATHS = (
					"$(inherited)",
					"@executable_path/Frameworks",
				);
				MARKETING_VERSION = 1.0;
				PRODUCT_BUNDLE_IDENTIFIER = com.cardsmobile.BottomSheet;
				PRODUCT_NAME = "$(TARGET_NAME)";
				SWIFT_EMIT_LOC_STRINGS = YES;
				SWIFT_VERSION = 5.0;
				TARGETED_DEVICE_FAMILY = "1,2";
			};
			name = Debug;
		};
		9869E11B287EAEED00052E48 /* Release */ = {
			isa = XCBuildConfiguration;
			buildSettings = {
				ASSETCATALOG_COMPILER_APPICON_NAME = AppIcon;
				ASSETCATALOG_COMPILER_GLOBAL_ACCENT_COLOR_NAME = AccentColor;
				CODE_SIGN_STYLE = Automatic;
				CURRENT_PROJECT_VERSION = 1;
				DEVELOPMENT_TEAM = Z634D5L4B3;
				GENERATE_INFOPLIST_FILE = YES;
				INFOPLIST_FILE = BottomSheet/Info.plist;
				INFOPLIST_KEY_UIApplicationSupportsIndirectInputEvents = YES;
				INFOPLIST_KEY_UILaunchStoryboardName = LaunchScreen;
				INFOPLIST_KEY_UIMainStoryboardFile = Main;
				INFOPLIST_KEY_UISupportedInterfaceOrientations_iPad = "UIInterfaceOrientationPortrait UIInterfaceOrientationPortraitUpsideDown UIInterfaceOrientationLandscapeLeft UIInterfaceOrientationLandscapeRight";
				INFOPLIST_KEY_UISupportedInterfaceOrientations_iPhone = "UIInterfaceOrientationPortrait UIInterfaceOrientationLandscapeLeft UIInterfaceOrientationLandscapeRight";
				IPHONEOS_DEPLOYMENT_TARGET = 11.0;
				LD_RUNPATH_SEARCH_PATHS = (
					"$(inherited)",
					"@executable_path/Frameworks",
				);
				MARKETING_VERSION = 1.0;
				PRODUCT_BUNDLE_IDENTIFIER = com.cardsmobile.BottomSheet;
				PRODUCT_NAME = "$(TARGET_NAME)";
				SWIFT_EMIT_LOC_STRINGS = YES;
				SWIFT_VERSION = 5.0;
				TARGETED_DEVICE_FAMILY = "1,2";
			};
			name = Release;
		};
/* End XCBuildConfiguration section */

/* Begin XCConfigurationList section */
		9869E100287EAEEB00052E48 /* Build configuration list for PBXProject "BottomSheet" */ = {
			isa = XCConfigurationList;
			buildConfigurations = (
				9869E117287EAEED00052E48 /* Debug */,
				9869E118287EAEED00052E48 /* Release */,
			);
			defaultConfigurationIsVisible = 0;
			defaultConfigurationName = Release;
		};
		9869E119287EAEED00052E48 /* Build configuration list for PBXNativeTarget "BottomSheet" */ = {
			isa = XCConfigurationList;
			buildConfigurations = (
				9869E11A287EAEED00052E48 /* Debug */,
				9869E11B287EAEED00052E48 /* Release */,
			);
			defaultConfigurationIsVisible = 0;
			defaultConfigurationName = Release;
		};
/* End XCConfigurationList section */
	};
	rootObject = 9869E0FD287EAEEB00052E48 /* Project object */;
}
